# THIS IS AN AUTOGENERATED FILE. DO NOT EDIT THIS FILE DIRECTLY.
# yarn lockfile v1


"@codemirror/next@^0.12.0":
  version "0.12.0"
  resolved "https://registry.yarnpkg.com/@codemirror/next/-/next-0.12.0.tgz#653817ee1ca1a19fec9c17849522a34a79a5f75d"
  integrity sha512-CMbEVFgn3gnhZv07/zZy0PE9uYIOkX5ogiLB6RJIf+bl+CoMvDgauwjipLzdlEIzmwT5w3bv4KYbDVTAmz8YOA==
  dependencies:
    lezer "^0.10.3"
    lezer-cpp "^0.10.1"
    lezer-css "^0.10.1"
    lezer-html "^0.10.0"
    lezer-java "^0.10.0"
    lezer-javascript "^0.10.1"
    lezer-python "^0.10.0"
    lezer-tree "^0.10.0"
    style-mod "^2.3.0"
    w3c-keyname "^2.2.4"

lezer-cpp@^0.10.1:
  version "0.10.1"
  resolved "https://registry.yarnpkg.com/lezer-cpp/-/lezer-cpp-0.10.1.tgz#277ae8da3929fadb906aa2deafa1cd0c974b6f8f"
  integrity sha512-i3NNrRBB2LPMcAnbxZcSg3dMHlz22VdQrABK70t5lNSgerqd7bW0zxW8c7qc26sIKtR4fRtcgXeJzx/JaMPDiA==
  dependencies:
    lezer "^0.10.1"

lezer-css@^0.10.1:
  version "0.10.1"
  resolved "https://registry.yarnpkg.com/lezer-css/-/lezer-css-0.10.1.tgz#762d1cd0cb45dd914422aac219e4ba4b9ae39894"
  integrity sha512-NlvFFgp2lz/SBeBwSW4CFHiAdqcHdQ1kCGBA9DKjlZsJAEjT+TulowlGWVo3KgziWGTLW85aBHwN2yvj+OTJJQ==
  dependencies:
    lezer "^0.10.0"

lezer-html@^0.10.0:
  version "0.10.0"
  resolved "https://registry.yarnpkg.com/lezer-html/-/lezer-html-0.10.0.tgz#363c43bc50f8c5521be22980f9080a560b0b7bcd"
  integrity sha512-kLZRjP3wSHLpSS1R+x3LpZJ00iTk96Kzw1Lf02fxNxh3xGmcl19Q6+i54zyPwmr65H/3TBJtvXLfeNF0OIRyZw==
  dependencies:
    lezer "^0.10.0"

lezer-java@^0.10.0:
  version "0.10.0"
  resolved "https://registry.yarnpkg.com/lezer-java/-/lezer-java-0.10.0.tgz#5b9d0d578009c83fd58fe2645d261106cf9a2ba1"
  integrity sha512-F0ejt+CCuK367ocKhyx3+GlQmF5sE/HMY/qsgGVyH9ScpbfVtlTFYHa/gvqMASipTwyAEdfnzfvxgQ7A0fFiFw==
  dependencies:
    lezer "^0.10.3"

lezer-javascript@^0.10.1:
  version "0.10.1"
  resolved "https://registry.yarnpkg.com/lezer-javascript/-/lezer-javascript-0.10.1.tgz#e26da73f3c5ae185b3725712e32043c5f8023fd2"
  integrity sha512-Ly4EM83H/40VqoKSyQG71GstAfq7dFj9fR2d7X/M7vH8hTeN9kky6lPEiZIEPusnMlcdziq9/XNIXI/RaD33SQ==
  dependencies:
    lezer "^0.10.0"

lezer-python@^0.10.0:
  version "0.10.0"
  resolved "https://registry.yarnpkg.com/lezer-python/-/lezer-python-0.10.0.tgz#bd0e63c0b49ebd96258aea0852a49087a801c754"
  integrity sha512-cMn88O/v3/91sZjvab4AcGZasT0r5QaLoyZi4thzLa3fWhpPXYriRtYSDjeBfQg4nuuRb473ADDInxGZKTllqA==
  dependencies:
    lezer "^0.10.0"

lezer-tree@^0.10.0:
  version "0.10.0"
  resolved "https://registry.yarnpkg.com/lezer-tree/-/lezer-tree-0.10.0.tgz#e7bb3fbd604a718fa43d373e6240a2600d7c5ea2"
  integrity sha512-77hwilCuD4azYqwazv4A6EL7mKiSPcqgJV4V173hLV3UkAKa6/smNHeROhIzzWHLU6Y5qtR1mRf22RFzE3fVrg==

lezer@^0.10.0, lezer@^0.10.1, lezer@^0.10.3:
  version "0.10.4"
  resolved "https://registry.yarnpkg.com/lezer/-/lezer-0.10.4.tgz#08a1bee01511aa3ecfbea2f1c35391f1af7e319b"
  integrity sha512-ltjjt6A0TRUMFxjgAn/Vnxnj7Mv0D9UFHH2hHiNAjT72incbeKheuuJ77GUaAD+D9jC8NasGuFwUx+zwvi+wxg==
  dependencies:
    lezer-tree "^0.10.0"

style-mod@^2.3.0:
  version "2.3.1"
  resolved "https://registry.yarnpkg.com/style-mod/-/style-mod-2.3.1.tgz#ef817c7f6aed5c0a5656e5077bbcdd0ad728d57e"
  integrity sha512-mSHi5AHMotMZct9AQZJRrDRDFE+hqquWyV5jw026EgNvE8+y6qXtTZscOY455E/Io87c/9bnROmv2AMjA9u8pA==

w3c-keyname@^2.2.4:
  version "2.2.4"
  resolved "https://registry.yarnpkg.com/w3c-keyname/-/w3c-keyname-2.2.4.tgz#4ade6916f6290224cdbd1db8ac49eab03d0eef6b"
  integrity sha512-tOhfEwEzFLJzf6d1ZPkYfGj+FWhIpBux9ppoP3rlclw3Z0BZv3N7b7030Z1kYth+6rDuAsXUFr+d0VE6Ed1ikw==
